
Microsoft Visual Studio Solution File, Format Version 12.00
# Visual Studio Version 16
VisualStudioVersion = 16.0.31605.320
MinimumVisualStudioVersion = 10.0.40219.1
Project("{FAE04EC0-301F-11D3-BF4B-00C04F79EFBC}") = "SQLiteTest", "SQLiteTest.csproj", "{1C951299-CF36-40C9-888A-53A552799C87}"
EndProject
Global
	GlobalSection(SolutionConfigurationPlatforms) = preSolution
		Debug|Any CPU = Debug|Any CPU
		Release|Any CPU = Release|Any CPU
	EndGlobalSection
	GlobalSection(ProjectConfigurationPlatforms) = postSolution
		{1C951299-CF36-40C9-888A-53A552799C87}.Debug|Any CPU.ActiveCfg = Debug|Any CPU
		{1C951299-CF36-40C9-888A-53A552799C87}.Debug|Any CPU.Build.0 = Debug|Any CPU
		{1C951299-CF36-40C9-888A-53A552799C87}.Release|Any CPU.ActiveCfg = Release|Any CPU
		{1C951299-CF36-40C9-888A-53A552799C87}.Release|Any CPU.Build.0 = Release|Any CPU
	EndGlobalSection
	GlobalSection(SolutionProperties) = preSolution
		HideSolutionNode = FALSE
	EndGlobalSection
	GlobalSection(ExtensibilityGlobals) = postSolution
		SolutionGuid = {6298FA3F-36D8-4F8E-8247-574916607673}
	EndGlobalSection
EndGlobal
